
Microsoft Visual Studio Solution File, Format Version 12.00
# Visual Studio Version 17
VisualStudioVersion = 17.14.36301.6
MinimumVisualStudioVersion = 10.0.40219.1
Project("{FAE04EC0-301F-11D3-BF4B-00C04F79EFBC}") = "HuffmanDemo", "HuffmanDemo.csproj", "{1D26AE31-E536-47F2-9BDD-727BB229921F}"
EndProject
Global
	GlobalSection(SolutionConfigurationPlatforms) = preSolution
		Debug|Any CPU = Debug|Any CPU
		Release|Any CPU = Release|Any CPU
	EndGlobalSection
	GlobalSection(ProjectConfigurationPlatforms) = postSolution
		{1D26AE31-E536-47F2-9BDD-727BB229921F}.Debug|Any CPU.ActiveCfg = Debug|Any CPU
		{1D26AE31-E536-47F2-9BDD-727BB229921F}.Debug|Any CPU.Build.0 = Debug|Any CPU
		{1D26AE31-E536-47F2-9BDD-727BB229921F}.Release|Any CPU.ActiveCfg = Release|Any CPU
		{1D26AE31-E536-47F2-9BDD-727BB229921F}.Release|Any CPU.Build.0 = Release|Any CPU
	EndGlobalSection
	GlobalSection(SolutionProperties) = preSolution
		HideSolutionNode = FALSE
	EndGlobalSection
	GlobalSection(ExtensibilityGlobals) = postSolution
		SolutionGuid = {94C198D5-7ABE-4081-8543-D12B2269255C}
	EndGlobalSection
EndGlobal
